#MicroXplorer Configuration settings - do not modify
Mcu.Family=STM32F4
ProjectManager.MainLocation=Core/Src
PB13.GPIOParameters=GPIO_Label
SH.S_TIM4_CH2.ConfNb=1
RCC.CortexFreq_Value=72000000
ProjectManager.KeepUserCode=true
Mcu.UserName=STM32F411CEUx
SPI2.VirtualType=VM_MASTER
PB10.Mode=TX_Only_Simplex_Unidirect_Master
RCC.PLLCLKFreq_Value=72000000
PB14.GPIO_Label=SPI2_CS
RCC.PLLQCLKFreq_Value=36000000
TIM4.EncoderMode=TIM_ENCODERMODE_TI12
ProjectManager.functionlistsort=1-MX_GPIO_Init-GPIO-false-HAL-true,2-SystemClock_Config-RCC-false-HAL-false,3-MX_SPI5_Init-SPI5-false-HAL-true,4-MX_SPI2_Init-SPI2-false-HAL-true,5-MX_RTC_Init-RTC-false-HAL-true,6-MX_TIM4_Init-TIM4-false-HAL-true
VP_RTC_VS_RTC_Activate.Mode=RTC_Enabled
RCC.RTCFreq_Value=32000
SPI5.CLKPhase=SPI_PHASE_2EDGE
PA6.GPIO_Label=SPI5_RESET
VP_RTC_VS_RTC_Calendar.Signal=RTC_VS_RTC_Calendar
USART1.IPParameters=VirtualMode
PB13.GPIO_Label=SPI2_RESET
PB13.Signal=GPIO_Output
PB15.Signal=SPI2_MOSI
PinOutPanel.RotationAngle=0
RCC.SYSCLKSource=RCC_SYSCLKSOURCE_PLLCLK
ProjectManager.StackSize=0x400
Mcu.IP4=SPI2
RCC.FCLKCortexFreq_Value=72000000
Mcu.IP5=SPI5
NVIC.SVCall_IRQn=true\:0\:0\:false\:false\:true\:false\:false
Mcu.IP2=RCC
Mcu.IP3=RTC
Mcu.IP0=I2C3
Mcu.IP1=NVIC
SPI2.CLKPolarity=SPI_POLARITY_HIGH
Mcu.UserConstants=
PH0\ -\ OSC_IN.Signal=RCC_OSC_IN
Mcu.ThirdPartyNb=0
RCC.HCLKFreq_Value=72000000
Mcu.IPNb=9
RCC.I2SClocksFreq_Value=150000000
ProjectManager.PreviousToolchain=
RCC.APB2TimFreq_Value=72000000
PB6.Signal=S_TIM4_CH1
RCC.VcooutputI2S=150000000
RTC.IPParameters=Hours,Date,Year
Mcu.Pin6=PB0
SPI5.CLKPolarity=SPI_POLARITY_HIGH
Mcu.Pin7=PB10
Mcu.Pin8=PB12
Mcu.Pin9=PB13
RCC.AHBFreq_Value=72000000
SPI2.BaudRatePrescaler=SPI_BAUDRATEPRESCALER_16
PB13.Locked=true
Mcu.Pin0=PH0 - OSC_IN
Mcu.Pin1=PH1 - OSC_OUT
GPIO.groupedBy=Group By Peripherals
Mcu.Pin2=PA1
Mcu.Pin3=PA5
Mcu.Pin4=PA6
Mcu.Pin5=PA7
ProjectManager.ProjectBuild=false
RCC.HSE_VALUE=25000000
NVIC.UsageFault_IRQn=true\:0\:0\:false\:false\:true\:false\:false
NVIC.DebugMonitor_IRQn=true\:0\:0\:false\:false\:true\:false\:false
NVIC.SysTick_IRQn=true\:0\:0\:false\:false\:true\:false\:true
PB12.GPIO_Label=SPI2.DC
ProjectManager.FirmwarePackage=STM32Cube FW_F4 V1.25.2
MxDb.Version=DB.6.0.10
PA1.GPIOParameters=GPIO_Label
PB4.Mode=I2C
ProjectManager.BackupPrevious=false
RCC.VCOInputFreq_Value=1000000
PA14.Mode=Serial_Wire
File.Version=6
SPI2.CalculateBaudRate=2.25 MBits/s
SH.S_TIM4_CH2.0=TIM4_CH2,Encoder_Interface
PB7.Signal=S_TIM4_CH2
PA8.Signal=I2C3_SCL
NVIC.PendSV_IRQn=true\:0\:0\:false\:false\:true\:false\:false
TIM4.Period=65535
ProjectManager.HalAssertFull=false
ProjectManager.ProjectName=Oled
Mcu.Package=UFQFPN48
SPI5.BaudRatePrescaler=SPI_BAUDRATEPRESCALER_16
PA6.Signal=GPIO_Output
PA7.Locked=true
PA5.Locked=true
SPI2.Mode=SPI_MODE_MASTER
ProjectManager.ToolChainLocation=
RCC.LSI_VALUE=32000
VP_SYS_VS_Systick.Signal=SYS_VS_Systick
PA10.Signal=USART1_RX
VP_RTC_VS_RTC_Calendar.Mode=RTC_Calendar
PA5.GPIOParameters=GPIO_Label
PB14.GPIOParameters=GPIO_Label
SPI2.CLKPhase=SPI_PHASE_2EDGE
TIM4.IC1Filter=10
SPI5.CalculateBaudRate=4.5 MBits/s
SH.S_TIM4_CH1.0=TIM4_CH1,Encoder_Interface
RCC.APB1TimFreq_Value=72000000
NVIC.BusFault_IRQn=true\:0\:0\:false\:false\:true\:false\:false
SPI2.Direction=SPI_DIRECTION_2LINES
SPI5.VirtualType=VM_MASTER
ProjectManager.CustomerFirmwarePackage=
RTC.IPParametersWithoutCheck=Year
PB4.Signal=I2C3_SDA
VP_RTC_VS_RTC_Activate.Signal=RTC_VS_RTC_Activate
PA6.GPIOParameters=GPIO_Label
RCC.PLLSourceVirtual=RCC_PLLSOURCE_HSE
SH.S_TIM4_CH1.ConfNb=1
ProjectManager.ProjectFileName=Oled.ioc
TIM4.AutoReloadPreload=TIM_AUTORELOAD_PRELOAD_ENABLE
PB8.GPIOParameters=GPIO_Speed
PA10.Mode=Asynchronous
Mcu.PinsNb=25
ProjectManager.NoMain=false
PH1\ -\ OSC_OUT.Mode=HSE-External-Oscillator
ProjectManager.DefaultFWLocation=true
PB12.Locked=true
ProjectManager.DeletePrevious=true
PB14.Locked=true
RCC.APB1CLKDivider=RCC_HCLK_DIV2
SPI5.Mode=SPI_MODE_MASTER
RCC.FamilyName=M
PA13.Signal=SYS_JTMS-SWDIO
PA11.Locked=true
PA9.Mode=Asynchronous
PH0\ -\ OSC_IN.Mode=HSE-External-Oscillator
ProjectManager.TargetToolchain=STM32CubeIDE
TIM4.IPParameters=Period,AutoReloadPreload,EncoderMode,IC1Filter
RTC.Year=21
PA9.Signal=USART1_TX
SPI2.IPParameters=VirtualType,Mode,Direction,CalculateBaudRate,BaudRatePrescaler,CLKPolarity,CLKPhase
RCC.VCOInputMFreq_Value=1562500
ProjectManager.RegisterCallBack=
RCC.LSE_VALUE=32768
PA1.Signal=GPIO_Output
PB10.Signal=SPI2_SCK
RCC.VCOI2SOutputFreq_Value=300000000
PB14.Signal=GPIO_Output
PA5.Signal=GPIO_Output
PH1\ -\ OSC_OUT.Signal=RCC_OSC_OUT
PB0.Mode=TX_Only_Simplex_Unidirect_Master
board=custom
RCC.VCOOutputFreq_Value=144000000
ProjectManager.LastFirmware=true
PB15.Mode=TX_Only_Simplex_Unidirect_Master
RCC.APB2Freq_Value=72000000
MxCube.Version=6.1.1
PA1.GPIO_Label=SPI5_CS
VP_SYS_VS_Systick.Mode=SysTick
RCC.EthernetFreq_Value=72000000
NVIC.NonMaskableInt_IRQn=true\:0\:0\:false\:false\:true\:false\:false
PA13.Mode=Serial_Wire
ProjectManager.FreePins=false
RCC.IPParameters=48MHZClocksFreq_Value,AHBFreq_Value,APB1CLKDivider,APB1Freq_Value,APB1TimFreq_Value,APB2Freq_Value,APB2TimFreq_Value,CortexFreq_Value,EthernetFreq_Value,FCLKCortexFreq_Value,FamilyName,HCLKFreq_Value,HSE_VALUE,HSI_VALUE,I2SClocksFreq_Value,LSE_VALUE,LSI_VALUE,PLLCLKFreq_Value,PLLM,PLLN,PLLQCLKFreq_Value,PLLSourceVirtual,RTCFreq_Value,RTCHSEDivFreq_Value,SYSCLKFreq_VALUE,SYSCLKSource,VCOI2SOutputFreq_Value,VCOInputFreq_Value,VCOInputMFreq_Value,VCOOutputFreq_Value,VcooutputI2S
ProjectManager.AskForMigrate=true
Mcu.Name=STM32F411C(C-E)Ux
RCC.RTCHSEDivFreq_Value=12500000
Mcu.Pin24=VP_SYS_VS_Systick
ProjectManager.UnderRoot=true
Mcu.IP8=USART1
Mcu.IP6=SYS
Mcu.IP7=TIM4
ProjectManager.CoupleFile=false
RCC.48MHZClocksFreq_Value=36000000
RCC.SYSCLKFreq_VALUE=72000000
RTC.Hours=19
Mcu.Pin22=VP_RTC_VS_RTC_Activate
Mcu.Pin23=VP_RTC_VS_RTC_Calendar
PA1.Locked=true
PA7.GPIO_Label=LED
Mcu.Pin20=PB7
Mcu.Pin21=PB8
PA5.GPIO_Label=SPI5_DC
NVIC.ForceEnableDMAVector=true
KeepUserPlacement=false
NVIC.MemoryManagement_IRQn=true\:0\:0\:false\:false\:true\:false\:false
USART1.VirtualMode=VM_ASYNC
ProjectManager.CompilerOptimize=6
PA11.Signal=GPIO_Input
PA14.Signal=SYS_JTCK-SWCLK
ProjectManager.HeapSize=0x200
Mcu.Pin15=PA11
NVIC.HardFault_IRQn=true\:0\:0\:false\:false\:true\:false\:false
Mcu.Pin16=PA13
Mcu.Pin13=PA9
Mcu.Pin14=PA10
Mcu.Pin19=PB6
ProjectManager.ComputerToolchain=false
Mcu.Pin17=PA14
RCC.HSI_VALUE=16000000
Mcu.Pin18=PB4
NVIC.PriorityGroup=NVIC_PRIORITYGROUP_4
Mcu.Pin11=PB15
Mcu.Pin12=PA8
RCC.PLLM=25
PB8.Mode=TX_Only_Simplex_Unidirect_Master
RCC.PLLN=144
Mcu.Pin10=PB14
PB8.Signal=SPI5_MOSI
PA8.Mode=I2C
NVIC.TIM4_IRQn=true\:0\:0\:false\:false\:true\:true\:true
RCC.APB1Freq_Value=36000000
PB8.GPIO_Speed=GPIO_SPEED_FREQ_MEDIUM
SPI5.IPParameters=VirtualType,Mode,Direction,CalculateBaudRate,CLKPhase,CLKPolarity,BaudRatePrescaler
PB0.Signal=SPI5_SCK
RTC.Date=24
PA7.GPIOParameters=GPIO_Label
ProjectManager.DeviceId=STM32F411CEUx
PB12.GPIOParameters=GPIO_Label
PB12.Signal=GPIO_Output
ProjectManager.LibraryCopy=1
SPI5.Direction=SPI_DIRECTION_2LINES
PA7.Signal=GPIO_Output
PA6.Locked=true
isbadioc=false
